// !$*UTF8*$!
{
	archiveVersion = 1;
	classes = {
	};
	objectVersion = 46;
	objects = {

/* Begin PBXBuildFile section */
		C471D4051EBA00D70015997C /* AppDelegate.swift in Sources */ = {isa = PBXBuildFile; fileRef = C471D4041EBA00D70015997C /* AppDelegate.swift */; };
		C471D4071EBA00D70015997C /* ViewController.swift in Sources */ = {isa = PBXBuildFile; fileRef = C471D4061EBA00D70015997C /* ViewController.swift */; };
		C471D4091EBA00D70015997C /* Assets.xcassets in Resources */ = {isa = PBXBuildFile; fileRef = C471D4081EBA00D70015997C /* Assets.xcassets */; };
		C471D40C1EBA00D70015997C /* Main.storyboard in Resources */ = {isa = PBXBuildFile; fileRef = C471D40A1EBA00D70015997C /* Main.storyboard */; };
		C4A46FD81ECB075800306580 /* libEasyLoginMacLib.a in Frameworks */ = {isa = PBXBuildFile; fileRef = C4A46FD71ECB074400306580 /* libEasyLoginMacLib.a */; };
		C4C5F9051EC073F6003C91A9 /* UsersViewController.swift in Sources */ = {isa = PBXBuildFile; fileRef = C4C5F9041EC073F6003C91A9 /* UsersViewController.swift */; };
/* End PBXBuildFile section */

/* Begin PBXContainerItemProxy section */
		C4A46FD61ECB074400306580 /* PBXContainerItemProxy */ = {
			isa = PBXContainerItemProxy;
			containerPortal = C4A46FD21ECB074400306580 /* EasyLoginMacLib.xcodeproj */;
			proxyType = 2;
			remoteGlobalIDString = C43880031EBA01370052BD2F;
			remoteInfo = EasyLoginMacLib;
		};
/* End PBXContainerItemProxy section */

/* Begin PBXFileReference section */
		C471D4011EBA00D70015997C /* EasyLoginAdmin.app */ = {isa = PBXFileReference; explicitFileType = wrapper.application; includeInIndex = 0; path = EasyLoginAdmin.app; sourceTree = BUILT_PRODUCTS_DIR; };
		C471D4041EBA00D70015997C /* AppDelegate.swift */ = {isa = PBXFileReference; lastKnownFileType = sourcecode.swift; path = AppDelegate.swift; sourceTree = "<group>"; };
		C471D4061EBA00D70015997C /* ViewController.swift */ = {isa = PBXFileReference; lastKnownFileType = sourcecode.swift; path = ViewController.swift; sourceTree = "<group>"; };
		C471D4081EBA00D70015997C /* Assets.xcassets */ = {isa = PBXFileReference; lastKnownFileType = folder.assetcatalog; path = Assets.xcassets; sourceTree = "<group>"; };
		C471D40B1EBA00D70015997C /* Base */ = {isa = PBXFileReference; lastKnownFileType = file.storyboard; name = Base; path = Base.lproj/Main.storyboard; sourceTree = "<group>"; };
		C471D40D1EBA00D70015997C /* Info.plist */ = {isa = PBXFileReference; lastKnownFileType = text.plist.xml; path = Info.plist; sourceTree = "<group>"; };
		C4A46FCD1ECB044400306580 /* EasyLoginAdmin-Bridging-Header.h */ = {isa = PBXFileReference; lastKnownFileType = sourcecode.c.h; path = "EasyLoginAdmin-Bridging-Header.h"; sourceTree = "<group>"; };
		C4A46FD21ECB074400306580 /* EasyLoginMacLib.xcodeproj */ = {isa = PBXFileReference; lastKnownFileType = "wrapper.pb-project"; name = EasyLoginMacLib.xcodeproj; path = ../../EasyLoginLibrary/EasyLoginMacLib/EasyLoginMacLib.xcodeproj; sourceTree = "<group>"; };
		C4C5F9041EC073F6003C91A9 /* UsersViewController.swift */ = {isa = PBXFileReference; fileEncoding = 4; lastKnownFileType = sourcecode.swift; path = UsersViewController.swift; sourceTree = "<group>"; };
/* End PBXFileReference section */

/* Begin PBXFrameworksBuildPhase section */
		C471D3FE1EBA00D70015997C /* Frameworks */ = {
			isa = PBXFrameworksBuildPhase;
			buildActionMask = 2147483647;
			files = (
				C4A46FD81ECB075800306580 /* libEasyLoginMacLib.a in Frameworks */,
			);
			runOnlyForDeploymentPostprocessing = 0;
		};
/* End PBXFrameworksBuildPhase section */

/* Begin PBXGroup section */
		C471D3F81EBA00D70015997C = {
			isa = PBXGroup;
			children = (
				C4A46FD21ECB074400306580 /* EasyLoginMacLib.xcodeproj */,
				C471D4031EBA00D70015997C /* EasyLogin */,
				C471D4021EBA00D70015997C /* Products */,
			);
			sourceTree = "<group>";
		};
		C471D4021EBA00D70015997C /* Products */ = {
			isa = PBXGroup;
			children = (
				C471D4011EBA00D70015997C /* EasyLoginAdmin.app */,
			);
			name = Products;
			sourceTree = "<group>";
		};
		C471D4031EBA00D70015997C /* EasyLogin */ = {
			isa = PBXGroup;
			children = (
				C4A46FCD1ECB044400306580 /* EasyLoginAdmin-Bridging-Header.h */,
				C471D4041EBA00D70015997C /* AppDelegate.swift */,
				C471D4061EBA00D70015997C /* ViewController.swift */,
				C4C5F9041EC073F6003C91A9 /* UsersViewController.swift */,
				C471D4081EBA00D70015997C /* Assets.xcassets */,
				C471D40A1EBA00D70015997C /* Main.storyboard */,
				C471D40D1EBA00D70015997C /* Info.plist */,
			);
			name = EasyLogin;
			path = EasyLoginAdmin;
			sourceTree = "<group>";
		};
		C4A46FD31ECB074400306580 /* Products */ = {
			isa = PBXGroup;
			children = (
				C4A46FD71ECB074400306580 /* libEasyLoginMacLib.a */,
			);
			name = Products;
			sourceTree = "<group>";
		};
/* End PBXGroup section */

/* Begin PBXNativeTarget section */
		C471D4001EBA00D70015997C /* EasyLoginAdmin */ = {
			isa = PBXNativeTarget;
			buildConfigurationList = C471D4101EBA00D70015997C /* Build configuration list for PBXNativeTarget "EasyLoginAdmin" */;
			buildPhases = (
				C471D3FD1EBA00D70015997C /* Sources */,
				C471D3FE1EBA00D70015997C /* Frameworks */,
				C471D3FF1EBA00D70015997C /* Resources */,
			);
			buildRules = (
			);
			dependencies = (
			);
			name = EasyLoginAdmin;
			productName = GroundControlAdmin;
			productReference = C471D4011EBA00D70015997C /* EasyLoginAdmin.app */;
			productType = "com.apple.product-type.application";
		};
/* End PBXNativeTarget section */

/* Begin PBXProject section */
		C471D3F91EBA00D70015997C /* Project object */ = {
			isa = PBXProject;
			attributes = {
				LastSwiftUpdateCheck = 0830;
				LastUpgradeCheck = 0830;
				ORGANIZATIONNAME = GroundControl;
				TargetAttributes = {
					C471D4001EBA00D70015997C = {
						CreatedOnToolsVersion = 8.3.2;
						DevelopmentTeam = JXHB9UP6QZ;
						ProvisioningStyle = Automatic;
					};
				};
			};
			buildConfigurationList = C471D3FC1EBA00D70015997C /* Build configuration list for PBXProject "EasyLoginAdmin" */;
			compatibilityVersion = "Xcode 3.2";
			developmentRegion = English;
			hasScannedForEncodings = 0;
			knownRegions = (
				en,
				Base,
			);
			mainGroup = C471D3F81EBA00D70015997C;
			productRefGroup = C471D4021EBA00D70015997C /* Products */;
			projectDirPath = "";
			projectReferences = (
				{
					ProductGroup = C4A46FD31ECB074400306580 /* Products */;
					ProjectRef = C4A46FD21ECB074400306580 /* EasyLoginMacLib.xcodeproj */;
				},
			);
			projectRoot = "";
			targets = (
				C471D4001EBA00D70015997C /* EasyLoginAdmin */,
			);
		};
/* End PBXProject section */

/* Begin PBXReferenceProxy section */
		C4A46FD71ECB074400306580 /* libEasyLoginMacLib.a */ = {
			isa = PBXReferenceProxy;
			fileType = archive.ar;
			path = libEasyLoginMacLib.a;
			remoteRef = C4A46FD61ECB074400306580 /* PBXContainerItemProxy */;
			sourceTree = BUILT_PRODUCTS_DIR;
		};
/* End PBXReferenceProxy section */

/* Begin PBXResourcesBuildPhase section */
		C471D3FF1EBA00D70015997C /* Resources */ = {
			isa = PBXResourcesBuildPhase;
			buildActionMask = 2147483647;
			files = (
				C471D4091EBA00D70015997C /* Assets.xcassets in Resources */,
				C471D40C1EBA00D70015997C /* Main.storyboard in Resources */,
			);
			runOnlyForDeploymentPostprocessing = 0;
		};
/* End PBXResourcesBuildPhase section */

/* Begin PBXSourcesBuildPhase section */
		C471D3FD1EBA00D70015997C /* Sources */ = {
			isa = PBXSourcesBuildPhase;
			buildActionMask = 2147483647;
			files = (
				C471D4071EBA00D70015997C /* ViewController.swift in Sources */,
				C4C5F9051EC073F6003C91A9 /* UsersViewController.swift in Sources */,
				C471D4051EBA00D70015997C /* AppDelegate.swift in Sources */,
			);
			runOnlyForDeploymentPostprocessing = 0;
		};
/* End PBXSourcesBuildPhase section */

/* Begin PBXVariantGroup section */
		C471D40A1EBA00D70015997C /* Main.storyboard */ = {
			isa = PBXVariantGroup;
			children = (
				C471D40B1EBA00D70015997C /* Base */,
			);
			name = Main.storyboard;
			sourceTree = "<group>";
		};
/* End PBXVariantGroup section */

/* Begin XCBuildConfiguration section */
		C471D40E1EBA00D70015997C /* Debug */ = {
			isa = XCBuildConfiguration;
			buildSettings = {
				ALWAYS_SEARCH_USER_PATHS = NO;
				CLANG_ANALYZER_NONNULL = YES;
				CLANG_ANALYZER_NUMBER_OBJECT_CONVERSION = YES_AGGRESSIVE;
				CLANG_CXX_LANGUAGE_STANDARD = "gnu++0x";
				CLANG_CXX_LIBRARY = "libc++";
				CLANG_ENABLE_MODULES = YES;
				CLANG_ENABLE_OBJC_ARC = YES;
				CLANG_WARN_BOOL_CONVERSION = YES;
				CLANG_WARN_CONSTANT_CONVERSION = YES;
				CLANG_WARN_DIRECT_OBJC_ISA_USAGE = YES_ERROR;
				CLANG_WARN_DOCUMENTATION_COMMENTS = YES;
				CLANG_WARN_EMPTY_BODY = YES;
				CLANG_WARN_ENUM_CONVERSION = YES;
				CLANG_WARN_INFINITE_RECURSION = YES;
				CLANG_WARN_INT_CONVERSION = YES;
				CLANG_WARN_OBJC_ROOT_CLASS = YES_ERROR;
				CLANG_WARN_SUSPICIOUS_MOVE = YES;
				CLANG_WARN_UNREACHABLE_CODE = YES;
				CLANG_WARN__DUPLICATE_METHOD_MATCH = YES;
				CODE_SIGN_IDENTITY = "-";
				COPY_PHASE_STRIP = NO;
				DEBUG_INFORMATION_FORMAT = dwarf;
				ENABLE_STRICT_OBJC_MSGSEND = YES;
				ENABLE_TESTABILITY = YES;
				GCC_C_LANGUAGE_STANDARD = gnu99;
				GCC_DYNAMIC_NO_PIC = NO;
				GCC_NO_COMMON_BLOCKS = YES;
				GCC_OPTIMIZATION_LEVEL = 0;
				GCC_PREPROCESSOR_DEFINITIONS = (
					"DEBUG=1",
					"$(inherited)",
				);
				GCC_WARN_64_TO_32_BIT_CONVERSION = YES;
				GCC_WARN_ABOUT_RETURN_TYPE = YES_ERROR;
				GCC_WARN_UNDECLARED_SELECTOR = YES;
				GCC_WARN_UNINITIALIZED_AUTOS = YES_AGGRESSIVE;
				GCC_WARN_UNUSED_FUNCTION = YES;
				GCC_WARN_UNUSED_VARIABLE = YES;
				LIBRARY_SEARCH_PATHS = "$(PROJECT_DIR)/../lib/EasyLoginMacLib/";
				MACOSX_DEPLOYMENT_TARGET = 10.12;
				MTL_ENABLE_DEBUG_INFO = YES;
				ONLY_ACTIVE_ARCH = YES;
				SDKROOT = macosx;
				SWIFT_ACTIVE_COMPILATION_CONDITIONS = DEBUG;
				SWIFT_OPTIMIZATION_LEVEL = "-Onone";
			};
			name = Debug;
		};
		C471D40F1EBA00D70015997C /* Release */ = {
			isa = XCBuildConfiguration;
			buildSettings = {
				ALWAYS_SEARCH_USER_PATHS = NO;
				CLANG_ANALYZER_NONNULL = YES;
				CLANG_ANALYZER_NUMBER_OBJECT_CONVERSION = YES_AGGRESSIVE;
				CLANG_CXX_LANGUAGE_STANDARD = "gnu++0x";
				CLANG_CXX_LIBRARY = "libc++";
				CLANG_ENABLE_MODULES = YES;
				CLANG_ENABLE_OBJC_ARC = YES;
				CLANG_WARN_BOOL_CONVERSION = YES;
				CLANG_WARN_CONSTANT_CONVERSION = YES;
				CLANG_WARN_DIRECT_OBJC_ISA_USAGE = YES_ERROR;
				CLANG_WARN_DOCUMENTATION_COMMENTS = YES;
				CLANG_WARN_EMPTY_BODY = YES;
				CLANG_WARN_ENUM_CONVERSION = YES;
				CLANG_WARN_INFINITE_RECURSION = YES;
				CLANG_WARN_INT_CONVERSION = YES;
				CLANG_WARN_OBJC_ROOT_CLASS = YES_ERROR;
				CLANG_WARN_SUSPICIOUS_MOVE = YES;
				CLANG_WARN_UNREACHABLE_CODE = YES;
				CLANG_WARN__DUPLICATE_METHOD_MATCH = YES;
				CODE_SIGN_IDENTITY = "-";
				COPY_PHASE_STRIP = NO;
				DEBUG_INFORMATION_FORMAT = "dwarf-with-dsym";
				ENABLE_NS_ASSERTIONS = NO;
				ENABLE_STRICT_OBJC_MSGSEND = YES;
				GCC_C_LANGUAGE_STANDARD = gnu99;
				GCC_NO_COMMON_BLOCKS = YES;
				GCC_WARN_64_TO_32_BIT_CONVERSION = YES;
				GCC_WARN_ABOUT_RETURN_TYPE = YES_ERROR;
				GCC_WARN_UNDECLARED_SELECTOR = YES;
				GCC_WARN_UNINITIALIZED_AUTOS = YES_AGGRESSIVE;
				GCC_WARN_UNUSED_FUNCTION = YES;
				GCC_WARN_UNUSED_VARIABLE = YES;
				LIBRARY_SEARCH_PATHS = "$(PROJECT_DIR)/../lib/EasyLoginMacLib/";
				MACOSX_DEPLOYMENT_TARGET = 10.12;
				MTL_ENABLE_DEBUG_INFO = NO;
				SDKROOT = macosx;
				SWIFT_OPTIMIZATION_LEVEL = "-Owholemodule";
			};
			name = Release;
		};
		C471D4111EBA00D70015997C /* Debug */ = {
			isa = XCBuildConfiguration;
			buildSettings = {
				ASSETCATALOG_COMPILER_APPICON_NAME = AppIcon;
				CODE_SIGN_IDENTITY = "Mac Developer";
				COMBINE_HIDPI_IMAGES = YES;
				DEVELOPMENT_TEAM = "";
				INFOPLIST_FILE = "$(SRCROOT)/EasyLoginAdmin/Info.plist";
				LD_RUNPATH_SEARCH_PATHS = "$(inherited) @executable_path/../Frameworks";
				LIBRARY_SEARCH_PATHS = "$(BUILT_PRODUCTS_DIR)/EasyLogin/";
				PRODUCT_BUNDLE_IDENTIFIER = io.easylogin.easyloginAdmin;
				PRODUCT_NAME = "$(TARGET_NAME)";
				PROVISIONING_PROFILE_SPECIFIER = "";
				SWIFT_OBJC_BRIDGING_HEADER = "EasyLoginAdmin/EasyLoginAdmin-Bridging-Header.h";
				SWIFT_VERSION = 3.0;
			};
			name = Debug;
		};
		C471D4121EBA00D70015997C /* Release */ = {
			isa = XCBuildConfiguration;
			buildSettings = {
				ASSETCATALOG_COMPILER_APPICON_NAME = AppIcon;
				CODE_SIGN_IDENTITY = "Mac Developer";
				COMBINE_HIDPI_IMAGES = YES;
				DEVELOPMENT_TEAM = "";
				INFOPLIST_FILE = "$(SRCROOT)/EasyLoginAdmin/Info.plist";
				LD_RUNPATH_SEARCH_PATHS = "$(inherited) @executable_path/../Frameworks";
				LIBRARY_SEARCH_PATHS = "$(BUILT_PRODUCTS_DIR)/EasyLogin/";
				PRODUCT_BUNDLE_IDENTIFIER = io.easylogin.easyloginAdmin;
				PRODUCT_NAME = "$(TARGET_NAME)";
				PROVISIONING_PROFILE_SPECIFIER = "";
				SWIFT_OBJC_BRIDGING_HEADER = "EasyLoginAdmin/EasyLoginAdmin-Bridging-Header.h";
				SWIFT_VERSION = 3.0;
			};
			name = Release;
		};
/* End XCBuildConfiguration section */

/* Begin XCConfigurationList section */
		C471D3FC1EBA00D70015997C /* Build configuration list for PBXProject "EasyLoginAdmin" */ = {
			isa = XCConfigurationList;
			buildConfigurations = (
				C471D40E1EBA00D70015997C /* Debug */,
				C471D40F1EBA00D70015997C /* Release */,
			);
			defaultConfigurationIsVisible = 0;
			defaultConfigurationName = Release;
		};
		C471D4101EBA00D70015997C /* Build configuration list for PBXNativeTarget "EasyLoginAdmin" */ = {
			isa = XCConfigurationList;
			buildConfigurations = (
				C471D4111EBA00D70015997C /* Debug */,
				C471D4121EBA00D70015997C /* Release */,
			);
			defaultConfigurationIsVisible = 0;
			defaultConfigurationName = Release;
		};
/* End XCConfigurationList section */
	};
	rootObject = C471D3F91EBA00D70015997C /* Project object */;
}
